
Microsoft Visual Studio Solution File, Format Version 12.00
# Visual Studio Version 17
VisualStudioVersion = 17.0.31903.59
MinimumVisualStudioVersion = 10.0.40219.1
Project("{FAE04EC0-301F-11D3-BF4B-00C04F79EFBC}") = "PrimeService", "PrimeService\PrimeService.csproj", "{02678E07-D8ED-40BF-BF05-ADF11A88BF5E}"
EndProject
Project("{FAE04EC0-301F-11D3-BF4B-00C04F79EFBC}") = "PrimeService.Tests", "PrimeService.Tests\PrimeService.Tests.csproj", "{F29978D7-0989-4347-8C56-7F6315BDE07C}"
EndProject
Global
	GlobalSection(SolutionConfigurationPlatforms) = preSolution
		Debug|Any CPU = Debug|Any CPU
		Release|Any CPU = Release|Any CPU
	EndGlobalSection
	GlobalSection(SolutionProperties) = preSolution
		HideSolutionNode = FALSE
	EndGlobalSection
	GlobalSection(ProjectConfigurationPlatforms) = postSolution
		{02678E07-D8ED-40BF-BF05-ADF11A88BF5E}.Debug|Any CPU.ActiveCfg = Debug|Any CPU
		{02678E07-D8ED-40BF-BF05-ADF11A88BF5E}.Debug|Any CPU.Build.0 = Debug|Any CPU
		{02678E07-D8ED-40BF-BF05-ADF11A88BF5E}.Release|Any CPU.ActiveCfg = Release|Any CPU
		{02678E07-D8ED-40BF-BF05-ADF11A88BF5E}.Release|Any CPU.Build.0 = Release|Any CPU
		{F29978D7-0989-4347-8C56-7F6315BDE07C}.Debug|Any CPU.ActiveCfg = Debug|Any CPU
		{F29978D7-0989-4347-8C56-7F6315BDE07C}.Debug|Any CPU.Build.0 = Debug|Any CPU
		{F29978D7-0989-4347-8C56-7F6315BDE07C}.Release|Any CPU.ActiveCfg = Release|Any CPU
		{F29978D7-0989-4347-8C56-7F6315BDE07C}.Release|Any CPU.Build.0 = Release|Any CPU
	EndGlobalSection
EndGlobal
